{
  "name": "table",
  "lockfileVersion": 2,
  "requires": true,
  "packages": {
    "": {
      "dependencies": {
        "iframe-resizer": "^4.3.2"
      }
    },
    "node_modules/iframe-resizer": {
      "version": "4.3.2",
      "resolved": "https://registry.npmmirror.com/iframe-resizer/-/iframe-resizer-4.3.2.tgz",
      "integrity": "sha512-gOWo2hmdPjMQsQ+zTKbses08mDfDEMh4NneGQNP4qwePYujY1lguqP6gnbeJkf154gojWlBhIltlgnMfYjGHWA==",
      "engines": {
        "node": ">=0.8.0"
      }
    }
  },
  "dependencies": {
    "iframe-resizer": {
      "version": "4.3.2",
      "resolved": "https://registry.npmmirror.com/iframe-resizer/-/iframe-resizer-4.3.2.tgz",
      "integrity": "sha512-gOWo2hmdPjMQsQ+zTKbses08mDfDEMh4NneGQNP4qwePYujY1lguqP6gnbeJkf154gojWlBhIltlgnMfYjGHWA=="
    }
  }
}
